
Microsoft Visual Studio Solution File, Format Version 12.00
# Visual Studio Version 17
VisualStudioVersion = 17.5.33530.505
MinimumVisualStudioVersion = 10.0.40219.1
Project("{FAE04EC0-301F-11D3-BF4B-00C04F79EFBC}") = "BankSys", "BankSys\BankSys.csproj", "{22338FAF-1B86-4DD8-B63F-C9E075864965}"
EndProject
Global
	GlobalSection(SolutionConfigurationPlatforms) = preSolution
		Debug|Any CPU = Debug|Any CPU
		Release|Any CPU = Release|Any CPU
	EndGlobalSection
	GlobalSection(ProjectConfigurationPlatforms) = postSolution
		{22338FAF-1B86-4DD8-B63F-C9E075864965}.Debug|Any CPU.ActiveCfg = Debug|Any CPU
		{22338FAF-1B86-4DD8-B63F-C9E075864965}.Debug|Any CPU.Build.0 = Debug|Any CPU
		{22338FAF-1B86-4DD8-B63F-C9E075864965}.Release|Any CPU.ActiveCfg = Release|Any CPU
		{22338FAF-1B86-4DD8-B63F-C9E075864965}.Release|Any CPU.Build.0 = Release|Any CPU
	EndGlobalSection
	GlobalSection(SolutionProperties) = preSolution
		HideSolutionNode = FALSE
	EndGlobalSection
	GlobalSection(ExtensibilityGlobals) = postSolution
		SolutionGuid = {46C17622-73BB-4502-BD87-34661C6F7274}
	EndGlobalSection
EndGlobal
